{
	"name": "hibernate-datetime",
	"lockfileVersion": 2,
	"requires": true,
	"packages": {
		"": {
			"dependencies": {
				"@prettier/plugin-xml": "^2.2.0",
				"prettier": "^2.8.1",
				"prettier-plugin-java": "^2.0.0",
				"prettier-plugin-properties": "^0.2.0",
				"prettier-plugin-sql": "^0.12.1"
			}
		},
		"node_modules/@prettier/plugin-xml": {
			"version": "2.2.0",
			"resolved": "https://registry.npmjs.org/@prettier/plugin-xml/-/plugin-xml-2.2.0.tgz",
			"integrity": "sha512-UWRmygBsyj4bVXvDiqSccwT1kmsorcwQwaIy30yVh8T+Gspx4OlC0shX1y+ZuwXZvgnafmpRYKks0bAu9urJew==",
			"dependencies": {
				"@xml-tools/parser": "^1.0.11",
				"prettier": ">=2.4.0"
			}
		},
		"node_modules/@xml-tools/parser": {
			"version": "1.0.11",
			"resolved": "https://registry.npmjs.org/@xml-tools/parser/-/parser-1.0.11.tgz",
			"integrity": "sha512-aKqQ077XnR+oQtHJlrAflaZaL7qZsulWc/i/ZEooar5JiWj1eLt0+Wg28cpa+XLney107wXqneC+oG1IZvxkTA==",
			"dependencies": {
				"chevrotain": "7.1.1"
			}
		},
		"node_modules/argparse": {
			"version": "2.0.1",
			"resolved": "https://registry.npmjs.org/argparse/-/argparse-2.0.1.tgz",
			"integrity": "sha512-8+9WqebbFzpX9OR+Wa6O29asIogeRMzcGtAINdpMHHyAg10f05aSFVBbcEqGf/PXw1EjAZ+q2/bEBg3DvurK3Q=="
		},
		"node_modules/big-integer": {
			"version": "1.6.51",
			"resolved": "https://registry.npmjs.org/big-integer/-/big-integer-1.6.51.tgz",
			"integrity": "sha512-GPEid2Y9QU1Exl1rpO9B2IPJGHPSupF5GnVIP0blYvNOMer2bTvSWs1jGOUg04hTmu67nmLsQ9TBo1puaotBHg==",
			"engines": {
				"node": ">=0.6"
			}
		},
		"node_modules/chevrotain": {
			"version": "7.1.1",
			"resolved": "https://registry.npmjs.org/chevrotain/-/chevrotain-7.1.1.tgz",
			"integrity": "sha512-wy3mC1x4ye+O+QkEinVJkPf5u2vsrDIYW9G7ZuwFl6v/Yu0LwUuT2POsb+NUWApebyxfkQq6+yDfRExbnI5rcw==",
			"dependencies": {
				"regexp-to-ast": "0.5.0"
			}
		},
		"node_modules/commander": {
			"version": "2.20.3",
			"resolved": "https://registry.npmjs.org/commander/-/commander-2.20.3.tgz",
			"integrity": "sha512-GpVkmM8vF2vQUkj2LvZmD35JxeJOLCwJ9cUkugyk2nuhbv3+mJvpLYYt+0+USMxE+oj+ey/lJEnhZw75x/OMcQ=="
		},
		"node_modules/discontinuous-range": {
			"version": "1.0.0",
			"resolved": "https://registry.npmjs.org/discontinuous-range/-/discontinuous-range-1.0.0.tgz",
			"integrity": "sha512-c68LpLbO+7kP/b1Hr1qs8/BJ09F5khZGTxqxZuhzxpmwJKOgRFHJWIb9/KmqnqHhLdO55aOxFH/EGBvUQbL/RQ=="
		},
		"node_modules/dot-properties": {
			"version": "1.0.1",
			"resolved": "https://registry.npmjs.org/dot-properties/-/dot-properties-1.0.1.tgz",
			"integrity": "sha512-cjIHHKlf2dPINJ5Io3lPocWvWmthXn3ztqyHVzUfufRiCiPECb0oiEqEGbEGaunFZtcMvwgUcxP9CTpLG4KCsA=="
		},
		"node_modules/java-parser": {
			"version": "2.0.3",
			"resolved": "https://registry.npmjs.org/java-parser/-/java-parser-2.0.3.tgz",
			"integrity": "sha512-z+ZsqcY3LCN0NPK1KnC7AXFHQxtzlsADJ2OVQmenKS/4gHBQ6SkEQYIMVV/2WrxRBMWXMXW7KeOVmXPLHCMRAQ==",
			"dependencies": {
				"chevrotain": "6.5.0",
				"lodash": "4.17.21"
			}
		},
		"node_modules/java-parser/node_modules/chevrotain": {
			"version": "6.5.0",
			"resolved": "https://registry.npmjs.org/chevrotain/-/chevrotain-6.5.0.tgz",
			"integrity": "sha512-BwqQ/AgmKJ8jcMEjaSnfMybnKMgGTrtDKowfTP3pX4jwVy0kNjRsT/AP6h+wC3+3NC+X8X15VWBnTCQlX+wQFg==",
			"dependencies": {
				"regexp-to-ast": "0.4.0"
			}
		},
		"node_modules/java-parser/node_modules/regexp-to-ast": {
			"version": "0.4.0",
			"resolved": "https://registry.npmjs.org/regexp-to-ast/-/regexp-to-ast-0.4.0.tgz",
			"integrity": "sha512-4qf/7IsIKfSNHQXSwial1IFmfM1Cc/whNBQqRwe0V2stPe7KmN1U0tWQiIx6JiirgSrisjE0eECdNf7Tav1Ntw=="
		},
		"node_modules/lodash": {
			"version": "4.17.21",
			"resolved": "https://registry.npmjs.org/lodash/-/lodash-4.17.21.tgz",
			"integrity": "sha512-v2kDEe57lecTulaDIuNTPy3Ry4gLGJ6Z1O3vE1krgXZNrsQ+LFTGHVxVjcXPs17LhbZVGedAJv8XZ1tvj5FvSg=="
		},
		"node_modules/moo": {
			"version": "0.5.2",
			"resolved": "https://registry.npmjs.org/moo/-/moo-0.5.2.tgz",
			"integrity": "sha512-iSAJLHYKnX41mKcJKjqvnAN9sf0LMDTXDEvFv+ffuRR9a1MIuXLjMNL6EsnDHSkKLTWNqQQ5uo61P4EbU4NU+Q=="
		},
		"node_modules/nearley": {
			"version": "2.20.1",
			"resolved": "https://registry.npmjs.org/nearley/-/nearley-2.20.1.tgz",
			"integrity": "sha512-+Mc8UaAebFzgV+KpI5n7DasuuQCHA89dmwm7JXw3TV43ukfNQ9DnBH3Mdb2g/I4Fdxc26pwimBWvjIw0UAILSQ==",
			"dependencies": {
				"commander": "^2.19.0",
				"moo": "^0.5.0",
				"railroad-diagrams": "^1.0.0",
				"randexp": "0.4.6"
			},
			"bin": {
				"nearley-railroad": "bin/nearley-railroad.js",
				"nearley-test": "bin/nearley-test.js",
				"nearley-unparse": "bin/nearley-unparse.js",
				"nearleyc": "bin/nearleyc.js"
			},
			"funding": {
				"type": "individual",
				"url": "https://nearley.js.org/#give-to-nearley"
			}
		},
		"node_modules/node-sql-parser": {
			"version": "4.6.2",
			"resolved": "https://registry.npmjs.org/node-sql-parser/-/node-sql-parser-4.6.2.tgz",
			"integrity": "sha512-r8x1J/86mHi8azSbwC/hDB34cKamr604a17vvdsQgDPSHa/qZSqodd8Cw4b5T8F8eF6c2AC615IrP+n60G0bYg==",
			"dependencies": {
				"big-integer": "^1.6.48"
			},
			"engines": {
				"node": ">=8"
			}
		},
		"node_modules/prettier": {
			"version": "2.8.1",
			"resolved": "https://registry.npmjs.org/prettier/-/prettier-2.8.1.tgz",
			"integrity": "sha512-lqGoSJBQNJidqCHE80vqZJHWHRFoNYsSpP9AjFhlhi9ODCJA541svILes/+/1GM3VaL/abZi7cpFzOpdR9UPKg==",
			"bin": {
				"prettier": "bin-prettier.js"
			},
			"engines": {
				"node": ">=10.13.0"
			},
			"funding": {
				"url": "https://github.com/prettier/prettier?sponsor=1"
			}
		},
		"node_modules/prettier-plugin-java": {
			"version": "2.0.0",
			"resolved": "https://registry.npmjs.org/prettier-plugin-java/-/prettier-plugin-java-2.0.0.tgz",
			"integrity": "sha512-ct7Zgog2XUpZ+olF3Ed4gPBNU7aWBu0cnpgDX7eqs0IZVH+9ZAduRkaJ0HlreoOm7SdUOc7UoKK1vk3T/coEoQ==",
			"dependencies": {
				"java-parser": "2.0.3",
				"lodash": "4.17.21",
				"prettier": "2.8.0"
			}
		},
		"node_modules/prettier-plugin-java/node_modules/prettier": {
			"version": "2.8.0",
			"resolved": "https://registry.npmjs.org/prettier/-/prettier-2.8.0.tgz",
			"integrity": "sha512-9Lmg8hTFZKG0Asr/kW9Bp8tJjRVluO8EJQVfY2T7FMw9T5jy4I/Uvx0Rca/XWf50QQ1/SS48+6IJWnrb+2yemA==",
			"bin": {
				"prettier": "bin-prettier.js"
			},
			"engines": {
				"node": ">=10.13.0"
			},
			"funding": {
				"url": "https://github.com/prettier/prettier?sponsor=1"
			}
		},
		"node_modules/prettier-plugin-properties": {
			"version": "0.2.0",
			"resolved": "https://registry.npmjs.org/prettier-plugin-properties/-/prettier-plugin-properties-0.2.0.tgz",
			"integrity": "sha512-Mt+z2nPkG+apJJLxfv8/Z/knhF/pTFUyxTeaRCuvQhs33rzQEkquGXSyKyvcWfijOTlOvB6KnmSJXpmblLNYrQ==",
			"dependencies": {
				"dot-properties": "^1.0.0"
			}
		},
		"node_modules/prettier-plugin-sql": {
			"version": "0.12.1",
			"resolved": "https://registry.npmjs.org/prettier-plugin-sql/-/prettier-plugin-sql-0.12.1.tgz",
			"integrity": "sha512-2z0pMmQEC61Xywerw2FJFpEIaA9lJUjB5mj+9dfRU8HkU7iICFrIizpMjSSDMoGkhh5W+IRROVgLlgRdpphI7g==",
			"dependencies": {
				"node-sql-parser": "^4.4.0",
				"sql-formatter": "^10.0.0",
				"tslib": "^2.4.0"
			},
			"engines": {
				"node": "^12.20.0 || ^14.18.0 || >=16.0.0"
			},
			"funding": {
				"url": "https://opencollective.com/unts"
			},
			"peerDependencies": {
				"prettier": "^2.0.0"
			}
		},
		"node_modules/railroad-diagrams": {
			"version": "1.0.0",
			"resolved": "https://registry.npmjs.org/railroad-diagrams/-/railroad-diagrams-1.0.0.tgz",
			"integrity": "sha512-cz93DjNeLY0idrCNOH6PviZGRN9GJhsdm9hpn1YCS879fj4W+x5IFJhhkRZcwVgMmFF7R82UA/7Oh+R8lLZg6A=="
		},
		"node_modules/randexp": {
			"version": "0.4.6",
			"resolved": "https://registry.npmjs.org/randexp/-/randexp-0.4.6.tgz",
			"integrity": "sha512-80WNmd9DA0tmZrw9qQa62GPPWfuXJknrmVmLcxvq4uZBdYqb1wYoKTmnlGUchvVWe0XiLupYkBoXVOxz3C8DYQ==",
			"dependencies": {
				"discontinuous-range": "1.0.0",
				"ret": "~0.1.10"
			},
			"engines": {
				"node": ">=0.12"
			}
		},
		"node_modules/regexp-to-ast": {
			"version": "0.5.0",
			"resolved": "https://registry.npmjs.org/regexp-to-ast/-/regexp-to-ast-0.5.0.tgz",
			"integrity": "sha512-tlbJqcMHnPKI9zSrystikWKwHkBqu2a/Sgw01h3zFjvYrMxEDYHzzoMZnUrbIfpTFEsoRnnviOXNCzFiSc54Qw=="
		},
		"node_modules/ret": {
			"version": "0.1.15",
			"resolved": "https://registry.npmjs.org/ret/-/ret-0.1.15.tgz",
			"integrity": "sha512-TTlYpa+OL+vMMNG24xSlQGEJ3B/RzEfUlLct7b5G/ytav+wPrplCpVMFuwzXbkecJrb6IYo1iFb0S9v37754mg==",
			"engines": {
				"node": ">=0.12"
			}
		},
		"node_modules/sql-formatter": {
			"version": "10.7.2",
			"resolved": "https://registry.npmjs.org/sql-formatter/-/sql-formatter-10.7.2.tgz",
			"integrity": "sha512-YspJXMr2rKMGZY50zYRBs2nCtEO/AKDrmQOxmV2CrGEOFSXUhY3YbsOUe6lX0T/7xbBs4pAYv4UObmwf78vtKg==",
			"dependencies": {
				"argparse": "^2.0.1",
				"nearley": "^2.20.1"
			},
			"bin": {
				"sql-formatter": "bin/sql-formatter-cli.js"
			}
		},
		"node_modules/tslib": {
			"version": "2.4.1",
			"resolved": "https://registry.npmjs.org/tslib/-/tslib-2.4.1.tgz",
			"integrity": "sha512-tGyy4dAjRIEwI7BzsB0lynWgOpfqjUdq91XXAlIWD2OwKBH7oCl/GZG/HT4BOHrTlPMOASlMQ7veyTqpmRcrNA=="
		}
	},
	"dependencies": {
		"@prettier/plugin-xml": {
			"version": "2.2.0",
			"resolved": "https://registry.npmjs.org/@prettier/plugin-xml/-/plugin-xml-2.2.0.tgz",
			"integrity": "sha512-UWRmygBsyj4bVXvDiqSccwT1kmsorcwQwaIy30yVh8T+Gspx4OlC0shX1y+ZuwXZvgnafmpRYKks0bAu9urJew==",
			"requires": {
				"@xml-tools/parser": "^1.0.11",
				"prettier": ">=2.4.0"
			}
		},
		"@xml-tools/parser": {
			"version": "1.0.11",
			"resolved": "https://registry.npmjs.org/@xml-tools/parser/-/parser-1.0.11.tgz",
			"integrity": "sha512-aKqQ077XnR+oQtHJlrAflaZaL7qZsulWc/i/ZEooar5JiWj1eLt0+Wg28cpa+XLney107wXqneC+oG1IZvxkTA==",
			"requires": {
				"chevrotain": "7.1.1"
			}
		},
		"argparse": {
			"version": "2.0.1",
			"resolved": "https://registry.npmjs.org/argparse/-/argparse-2.0.1.tgz",
			"integrity": "sha512-8+9WqebbFzpX9OR+Wa6O29asIogeRMzcGtAINdpMHHyAg10f05aSFVBbcEqGf/PXw1EjAZ+q2/bEBg3DvurK3Q=="
		},
		"big-integer": {
			"version": "1.6.51",
			"resolved": "https://registry.npmjs.org/big-integer/-/big-integer-1.6.51.tgz",
			"integrity": "sha512-GPEid2Y9QU1Exl1rpO9B2IPJGHPSupF5GnVIP0blYvNOMer2bTvSWs1jGOUg04hTmu67nmLsQ9TBo1puaotBHg=="
		},
		"chevrotain": {
			"version": "7.1.1",
			"resolved": "https://registry.npmjs.org/chevrotain/-/chevrotain-7.1.1.tgz",
			"integrity": "sha512-wy3mC1x4ye+O+QkEinVJkPf5u2vsrDIYW9G7ZuwFl6v/Yu0LwUuT2POsb+NUWApebyxfkQq6+yDfRExbnI5rcw==",
			"requires": {
				"regexp-to-ast": "0.5.0"
			}
		},
		"commander": {
			"version": "2.20.3",
			"resolved": "https://registry.npmjs.org/commander/-/commander-2.20.3.tgz",
			"integrity": "sha512-GpVkmM8vF2vQUkj2LvZmD35JxeJOLCwJ9cUkugyk2nuhbv3+mJvpLYYt+0+USMxE+oj+ey/lJEnhZw75x/OMcQ=="
		},
		"discontinuous-range": {
			"version": "1.0.0",
			"resolved": "https://registry.npmjs.org/discontinuous-range/-/discontinuous-range-1.0.0.tgz",
			"integrity": "sha512-c68LpLbO+7kP/b1Hr1qs8/BJ09F5khZGTxqxZuhzxpmwJKOgRFHJWIb9/KmqnqHhLdO55aOxFH/EGBvUQbL/RQ=="
		},
		"dot-properties": {
			"version": "1.0.1",
			"resolved": "https://registry.npmjs.org/dot-properties/-/dot-properties-1.0.1.tgz",
			"integrity": "sha512-cjIHHKlf2dPINJ5Io3lPocWvWmthXn3ztqyHVzUfufRiCiPECb0oiEqEGbEGaunFZtcMvwgUcxP9CTpLG4KCsA=="
		},
		"java-parser": {
			"version": "2.0.3",
			"resolved": "https://registry.npmjs.org/java-parser/-/java-parser-2.0.3.tgz",
			"integrity": "sha512-z+ZsqcY3LCN0NPK1KnC7AXFHQxtzlsADJ2OVQmenKS/4gHBQ6SkEQYIMVV/2WrxRBMWXMXW7KeOVmXPLHCMRAQ==",
			"requires": {
				"chevrotain": "6.5.0",
				"lodash": "4.17.21"
			},
			"dependencies": {
				"chevrotain": {
					"version": "6.5.0",
					"resolved": "https://registry.npmjs.org/chevrotain/-/chevrotain-6.5.0.tgz",
					"integrity": "sha512-BwqQ/AgmKJ8jcMEjaSnfMybnKMgGTrtDKowfTP3pX4jwVy0kNjRsT/AP6h+wC3+3NC+X8X15VWBnTCQlX+wQFg==",
					"requires": {
						"regexp-to-ast": "0.4.0"
					}
				},
				"regexp-to-ast": {
					"version": "0.4.0",
					"resolved": "https://registry.npmjs.org/regexp-to-ast/-/regexp-to-ast-0.4.0.tgz",
					"integrity": "sha512-4qf/7IsIKfSNHQXSwial1IFmfM1Cc/whNBQqRwe0V2stPe7KmN1U0tWQiIx6JiirgSrisjE0eECdNf7Tav1Ntw=="
				}
			}
		},
		"lodash": {
			"version": "4.17.21",
			"resolved": "https://registry.npmjs.org/lodash/-/lodash-4.17.21.tgz",
			"integrity": "sha512-v2kDEe57lecTulaDIuNTPy3Ry4gLGJ6Z1O3vE1krgXZNrsQ+LFTGHVxVjcXPs17LhbZVGedAJv8XZ1tvj5FvSg=="
		},
		"moo": {
			"version": "0.5.2",
			"resolved": "https://registry.npmjs.org/moo/-/moo-0.5.2.tgz",
			"integrity": "sha512-iSAJLHYKnX41mKcJKjqvnAN9sf0LMDTXDEvFv+ffuRR9a1MIuXLjMNL6EsnDHSkKLTWNqQQ5uo61P4EbU4NU+Q=="
		},
		"nearley": {
			"version": "2.20.1",
			"resolved": "https://registry.npmjs.org/nearley/-/nearley-2.20.1.tgz",
			"integrity": "sha512-+Mc8UaAebFzgV+KpI5n7DasuuQCHA89dmwm7JXw3TV43ukfNQ9DnBH3Mdb2g/I4Fdxc26pwimBWvjIw0UAILSQ==",
			"requires": {
				"commander": "^2.19.0",
				"moo": "^0.5.0",
				"railroad-diagrams": "^1.0.0",
				"randexp": "0.4.6"
			}
		},
		"node-sql-parser": {
			"version": "4.6.2",
			"resolved": "https://registry.npmjs.org/node-sql-parser/-/node-sql-parser-4.6.2.tgz",
			"integrity": "sha512-r8x1J/86mHi8azSbwC/hDB34cKamr604a17vvdsQgDPSHa/qZSqodd8Cw4b5T8F8eF6c2AC615IrP+n60G0bYg==",
			"requires": {
				"big-integer": "^1.6.48"
			}
		},
		"prettier": {
			"version": "2.8.1",
			"resolved": "https://registry.npmjs.org/prettier/-/prettier-2.8.1.tgz",
			"integrity": "sha512-lqGoSJBQNJidqCHE80vqZJHWHRFoNYsSpP9AjFhlhi9ODCJA541svILes/+/1GM3VaL/abZi7cpFzOpdR9UPKg=="
		},
		"prettier-plugin-java": {
			"version": "2.0.0",
			"resolved": "https://registry.npmjs.org/prettier-plugin-java/-/prettier-plugin-java-2.0.0.tgz",
			"integrity": "sha512-ct7Zgog2XUpZ+olF3Ed4gPBNU7aWBu0cnpgDX7eqs0IZVH+9ZAduRkaJ0HlreoOm7SdUOc7UoKK1vk3T/coEoQ==",
			"requires": {
				"java-parser": "2.0.3",
				"lodash": "4.17.21",
				"prettier": "2.8.0"
			},
			"dependencies": {
				"prettier": {
					"version": "2.8.0",
					"resolved": "https://registry.npmjs.org/prettier/-/prettier-2.8.0.tgz",
					"integrity": "sha512-9Lmg8hTFZKG0Asr/kW9Bp8tJjRVluO8EJQVfY2T7FMw9T5jy4I/Uvx0Rca/XWf50QQ1/SS48+6IJWnrb+2yemA=="
				}
			}
		},
		"prettier-plugin-properties": {
			"version": "0.2.0",
			"resolved": "https://registry.npmjs.org/prettier-plugin-properties/-/prettier-plugin-properties-0.2.0.tgz",
			"integrity": "sha512-Mt+z2nPkG+apJJLxfv8/Z/knhF/pTFUyxTeaRCuvQhs33rzQEkquGXSyKyvcWfijOTlOvB6KnmSJXpmblLNYrQ==",
			"requires": {
				"dot-properties": "^1.0.0"
			}
		},
		"prettier-plugin-sql": {
			"version": "0.12.1",
			"resolved": "https://registry.npmjs.org/prettier-plugin-sql/-/prettier-plugin-sql-0.12.1.tgz",
			"integrity": "sha512-2z0pMmQEC61Xywerw2FJFpEIaA9lJUjB5mj+9dfRU8HkU7iICFrIizpMjSSDMoGkhh5W+IRROVgLlgRdpphI7g==",
			"requires": {
				"node-sql-parser": "^4.4.0",
				"sql-formatter": "^10.0.0",
				"tslib": "^2.4.0"
			}
		},
		"railroad-diagrams": {
			"version": "1.0.0",
			"resolved": "https://registry.npmjs.org/railroad-diagrams/-/railroad-diagrams-1.0.0.tgz",
			"integrity": "sha512-cz93DjNeLY0idrCNOH6PviZGRN9GJhsdm9hpn1YCS879fj4W+x5IFJhhkRZcwVgMmFF7R82UA/7Oh+R8lLZg6A=="
		},
		"randexp": {
			"version": "0.4.6",
			"resolved": "https://registry.npmjs.org/randexp/-/randexp-0.4.6.tgz",
			"integrity": "sha512-80WNmd9DA0tmZrw9qQa62GPPWfuXJknrmVmLcxvq4uZBdYqb1wYoKTmnlGUchvVWe0XiLupYkBoXVOxz3C8DYQ==",
			"requires": {
				"discontinuous-range": "1.0.0",
				"ret": "~0.1.10"
			}
		},
		"regexp-to-ast": {
			"version": "0.5.0",
			"resolved": "https://registry.npmjs.org/regexp-to-ast/-/regexp-to-ast-0.5.0.tgz",
			"integrity": "sha512-tlbJqcMHnPKI9zSrystikWKwHkBqu2a/Sgw01h3zFjvYrMxEDYHzzoMZnUrbIfpTFEsoRnnviOXNCzFiSc54Qw=="
		},
		"ret": {
			"version": "0.1.15",
			"resolved": "https://registry.npmjs.org/ret/-/ret-0.1.15.tgz",
			"integrity": "sha512-TTlYpa+OL+vMMNG24xSlQGEJ3B/RzEfUlLct7b5G/ytav+wPrplCpVMFuwzXbkecJrb6IYo1iFb0S9v37754mg=="
		},
		"sql-formatter": {
			"version": "10.7.2",
			"resolved": "https://registry.npmjs.org/sql-formatter/-/sql-formatter-10.7.2.tgz",
			"integrity": "sha512-YspJXMr2rKMGZY50zYRBs2nCtEO/AKDrmQOxmV2CrGEOFSXUhY3YbsOUe6lX0T/7xbBs4pAYv4UObmwf78vtKg==",
			"requires": {
				"argparse": "^2.0.1",
				"nearley": "^2.20.1"
			}
		},
		"tslib": {
			"version": "2.4.1",
			"resolved": "https://registry.npmjs.org/tslib/-/tslib-2.4.1.tgz",
			"integrity": "sha512-tGyy4dAjRIEwI7BzsB0lynWgOpfqjUdq91XXAlIWD2OwKBH7oCl/GZG/HT4BOHrTlPMOASlMQ7veyTqpmRcrNA=="
		}
	}
}
